// !$*UTF8*$!
{
	archiveVersion = 1;
	classes = {
	};
	objectVersion = 56;
	objects = {

/* Begin PBXBuildFile section */
		0430FA7B29046751001E4CDD /* TasksView.swift in Sources */ = {isa = PBXBuildFile; fileRef = 0430FA7A29046751001E4CDD /* TasksView.swift */; };
		0430FA7D29046763001E4CDD /* MainView.swift in Sources */ = {isa = PBXBuildFile; fileRef = 0430FA7C29046763001E4CDD /* MainView.swift */; };
		0455161928FD972D0006F862 /* printers_company_crmApp.swift in Sources */ = {isa = PBXBuildFile; fileRef = 0455161828FD972D0006F862 /* printers_company_crmApp.swift */; };
		0455161D28FD972D0006F862 /* Assets.xcassets in Resources */ = {isa = PBXBuildFile; fileRef = 0455161C28FD972D0006F862 /* Assets.xcassets */; };
		0455162028FD972D0006F862 /* Preview Assets.xcassets in Resources */ = {isa = PBXBuildFile; fileRef = 0455161F28FD972D0006F862 /* Preview Assets.xcassets */; };
		0455162828FD98FD0006F862 /* PostgresClientKit in Frameworks */ = {isa = PBXBuildFile; productRef = 0455162728FD98FD0006F862 /* PostgresClientKit */; };
		0455162A28FD993C0006F862 /* LoginView.swift in Sources */ = {isa = PBXBuildFile; fileRef = 0455162928FD993C0006F862 /* LoginView.swift */; };
		04B474F028FDE07D001BC58C /* User.swift in Sources */ = {isa = PBXBuildFile; fileRef = 04B474EF28FDE07D001BC58C /* User.swift */; };
		04B474F228FDE40D001BC58C /* AppState.swift in Sources */ = {isa = PBXBuildFile; fileRef = 04B474F128FDE40D001BC58C /* AppState.swift */; };
		42364D272912AC9D00062374 /* AddEmployeeView-ViewModel.swift in Sources */ = {isa = PBXBuildFile; fileRef = 42364D262912AC9D00062374 /* AddEmployeeView-ViewModel.swift */; };
		42364D292912BD6D00062374 /* LoginView-ViewModel.swift in Sources */ = {isa = PBXBuildFile; fileRef = 42364D282912BD6D00062374 /* LoginView-ViewModel.swift */; };
		42364D2B2912C0FE00062374 /* MainView-ViewModel.swift in Sources */ = {isa = PBXBuildFile; fileRef = 42364D2A2912C0FE00062374 /* MainView-ViewModel.swift */; };
		428228C3290E7117004FE0BC /* EmployeeView.swift in Sources */ = {isa = PBXBuildFile; fileRef = 428228C2290E7117004FE0BC /* EmployeeView.swift */; };
		428228C7290E71C5004FE0BC /* EmployeesView.swift in Sources */ = {isa = PBXBuildFile; fileRef = 428228C6290E71C5004FE0BC /* EmployeesView.swift */; };
		428228C9290E78A2004FE0BC /* Employee.swift in Sources */ = {isa = PBXBuildFile; fileRef = 428228C8290E78A2004FE0BC /* Employee.swift */; };
		42AE2373290DD5CD00CF49FE /* AddEmployeeView.swift in Sources */ = {isa = PBXBuildFile; fileRef = 42AE2372290DD5CD00CF49FE /* AddEmployeeView.swift */; };
		42AE2377290DD81800CF49FE /* DatabaseAPI.swift in Sources */ = {isa = PBXBuildFile; fileRef = 42AE2376290DD81800CF49FE /* DatabaseAPI.swift */; };
		42B319552911A92D00C57ABB /* EmployeesView-ViewModel.swift in Sources */ = {isa = PBXBuildFile; fileRef = 42B319542911A92D00C57ABB /* EmployeesView-ViewModel.swift */; };
		42B319572911BE4300C57ABB /* AddTaskView.swift in Sources */ = {isa = PBXBuildFile; fileRef = 42B319562911BE4300C57ABB /* AddTaskView.swift */; };
		42BED68C291261380056AA48 /* NumberLimiter.swift in Sources */ = {isa = PBXBuildFile; fileRef = 42BED68B291261380056AA48 /* NumberLimiter.swift */; };
/* End PBXBuildFile section */

/* Begin PBXFileReference section */
		0430FA7A29046751001E4CDD /* TasksView.swift */ = {isa = PBXFileReference; lastKnownFileType = sourcecode.swift; path = TasksView.swift; sourceTree = "<group>"; };
		0430FA7C29046763001E4CDD /* MainView.swift */ = {isa = PBXFileReference; lastKnownFileType = sourcecode.swift; path = MainView.swift; sourceTree = "<group>"; };
		0455161528FD972D0006F862 /* printers-company-crm.app */ = {isa = PBXFileReference; explicitFileType = wrapper.application; includeInIndex = 0; path = "printers-company-crm.app"; sourceTree = BUILT_PRODUCTS_DIR; };
		0455161828FD972D0006F862 /* printers_company_crmApp.swift */ = {isa = PBXFileReference; lastKnownFileType = sourcecode.swift; path = printers_company_crmApp.swift; sourceTree = "<group>"; };
		0455161C28FD972D0006F862 /* Assets.xcassets */ = {isa = PBXFileReference; lastKnownFileType = folder.assetcatalog; path = Assets.xcassets; sourceTree = "<group>"; };
		0455161F28FD972D0006F862 /* Preview Assets.xcassets */ = {isa = PBXFileReference; lastKnownFileType = folder.assetcatalog; path = "Preview Assets.xcassets"; sourceTree = "<group>"; };
		0455162928FD993C0006F862 /* LoginView.swift */ = {isa = PBXFileReference; lastKnownFileType = sourcecode.swift; path = LoginView.swift; sourceTree = "<group>"; };
		04B474EF28FDE07D001BC58C /* User.swift */ = {isa = PBXFileReference; lastKnownFileType = sourcecode.swift; path = User.swift; sourceTree = "<group>"; };
		04B474F128FDE40D001BC58C /* AppState.swift */ = {isa = PBXFileReference; lastKnownFileType = sourcecode.swift; path = AppState.swift; sourceTree = "<group>"; };
		42364D262912AC9D00062374 /* AddEmployeeView-ViewModel.swift */ = {isa = PBXFileReference; lastKnownFileType = sourcecode.swift; path = "AddEmployeeView-ViewModel.swift"; sourceTree = "<group>"; };
		42364D282912BD6D00062374 /* LoginView-ViewModel.swift */ = {isa = PBXFileReference; lastKnownFileType = sourcecode.swift; path = "LoginView-ViewModel.swift"; sourceTree = "<group>"; };
		42364D2A2912C0FE00062374 /* MainView-ViewModel.swift */ = {isa = PBXFileReference; lastKnownFileType = sourcecode.swift; path = "MainView-ViewModel.swift"; sourceTree = "<group>"; };
		428228C2290E7117004FE0BC /* EmployeeView.swift */ = {isa = PBXFileReference; lastKnownFileType = sourcecode.swift; path = EmployeeView.swift; sourceTree = "<group>"; };
		428228C6290E71C5004FE0BC /* EmployeesView.swift */ = {isa = PBXFileReference; lastKnownFileType = sourcecode.swift; path = EmployeesView.swift; sourceTree = "<group>"; };
		428228C8290E78A2004FE0BC /* Employee.swift */ = {isa = PBXFileReference; lastKnownFileType = sourcecode.swift; path = Employee.swift; sourceTree = "<group>"; };
		42AE2372290DD5CD00CF49FE /* AddEmployeeView.swift */ = {isa = PBXFileReference; lastKnownFileType = sourcecode.swift; path = AddEmployeeView.swift; sourceTree = "<group>"; };
		42AE2376290DD81800CF49FE /* DatabaseAPI.swift */ = {isa = PBXFileReference; lastKnownFileType = sourcecode.swift; path = DatabaseAPI.swift; sourceTree = "<group>"; };
		42B319542911A92D00C57ABB /* EmployeesView-ViewModel.swift */ = {isa = PBXFileReference; lastKnownFileType = sourcecode.swift; path = "EmployeesView-ViewModel.swift"; sourceTree = "<group>"; };
		42B319562911BE4300C57ABB /* AddTaskView.swift */ = {isa = PBXFileReference; lastKnownFileType = sourcecode.swift; path = AddTaskView.swift; sourceTree = "<group>"; };
		42BED68B291261380056AA48 /* NumberLimiter.swift */ = {isa = PBXFileReference; lastKnownFileType = sourcecode.swift; path = NumberLimiter.swift; sourceTree = "<group>"; };
/* End PBXFileReference section */

/* Begin PBXFrameworksBuildPhase section */
		0455161228FD972D0006F862 /* Frameworks */ = {
			isa = PBXFrameworksBuildPhase;
			buildActionMask = 2147483647;
			files = (
				0455162828FD98FD0006F862 /* PostgresClientKit in Frameworks */,
			);
			runOnlyForDeploymentPostprocessing = 0;
		};
/* End PBXFrameworksBuildPhase section */

/* Begin PBXGroup section */
		0455160C28FD972D0006F862 = {
			isa = PBXGroup;
			children = (
				0455161728FD972D0006F862 /* printers-company-crm */,
				0455161628FD972D0006F862 /* Products */,
			);
			sourceTree = "<group>";
		};
		0455161628FD972D0006F862 /* Products */ = {
			isa = PBXGroup;
			children = (
				0455161528FD972D0006F862 /* printers-company-crm.app */,
			);
			name = Products;
			sourceTree = "<group>";
		};
		0455161728FD972D0006F862 /* printers-company-crm */ = {
			isa = PBXGroup;
			children = (
				42364D252912AA1800062374 /* models */,
				42364D242912A9C500062374 /* utils */,
				42364D232912A9B400062374 /* view-models */,
				42364D222912A99F00062374 /* views */,
				0455161828FD972D0006F862 /* printers_company_crmApp.swift */,
				04B474F128FDE40D001BC58C /* AppState.swift */,
				0455161C28FD972D0006F862 /* Assets.xcassets */,
				0455161E28FD972D0006F862 /* Preview Content */,
			);
			path = "printers-company-crm";
			sourceTree = "<group>";
		};
		0455161E28FD972D0006F862 /* Preview Content */ = {
			isa = PBXGroup;
			children = (
				0455161F28FD972D0006F862 /* Preview Assets.xcassets */,
			);
			path = "Preview Content";
			sourceTree = "<group>";
		};
		42364D222912A99F00062374 /* views */ = {
			isa = PBXGroup;
			children = (
				0455162928FD993C0006F862 /* LoginView.swift */,
				0430FA7C29046763001E4CDD /* MainView.swift */,
				0430FA7A29046751001E4CDD /* TasksView.swift */,
				42B319562911BE4300C57ABB /* AddTaskView.swift */,
				428228C6290E71C5004FE0BC /* EmployeesView.swift */,
				428228C2290E7117004FE0BC /* EmployeeView.swift */,
				42AE2372290DD5CD00CF49FE /* AddEmployeeView.swift */,
			);
			path = views;
			sourceTree = "<group>";
		};
		42364D232912A9B400062374 /* view-models */ = {
			isa = PBXGroup;
			children = (
				42B319542911A92D00C57ABB /* EmployeesView-ViewModel.swift */,
				42364D262912AC9D00062374 /* AddEmployeeView-ViewModel.swift */,
				42364D282912BD6D00062374 /* LoginView-ViewModel.swift */,
				42364D2A2912C0FE00062374 /* MainView-ViewModel.swift */,
			);
			path = "view-models";
			sourceTree = "<group>";
		};
		42364D242912A9C500062374 /* utils */ = {
			isa = PBXGroup;
			children = (
				42BED68B291261380056AA48 /* NumberLimiter.swift */,
				42AE2376290DD81800CF49FE /* DatabaseAPI.swift */,
			);
			path = utils;
			sourceTree = "<group>";
		};
		42364D252912AA1800062374 /* models */ = {
			isa = PBXGroup;
			children = (
				428228C8290E78A2004FE0BC /* Employee.swift */,
				04B474EF28FDE07D001BC58C /* User.swift */,
			);
			path = models;
			sourceTree = "<group>";
		};
/* End PBXGroup section */

/* Begin PBXNativeTarget section */
		0455161428FD972D0006F862 /* printers-company-crm */ = {
			isa = PBXNativeTarget;
			buildConfigurationList = 0455162328FD972D0006F862 /* Build configuration list for PBXNativeTarget "printers-company-crm" */;
			buildPhases = (
				0455161128FD972D0006F862 /* Sources */,
				0455161228FD972D0006F862 /* Frameworks */,
				0455161328FD972D0006F862 /* Resources */,
			);
			buildRules = (
			);
			dependencies = (
			);
			name = "printers-company-crm";
			packageProductDependencies = (
				0455162728FD98FD0006F862 /* PostgresClientKit */,
			);
			productName = "printers-company-crm";
			productReference = 0455161528FD972D0006F862 /* printers-company-crm.app */;
			productType = "com.apple.product-type.application";
		};
/* End PBXNativeTarget section */

/* Begin PBXProject section */
		0455160D28FD972D0006F862 /* Project object */ = {
			isa = PBXProject;
			attributes = {
				BuildIndependentTargetsInParallel = 1;
				LastSwiftUpdateCheck = 1400;
				LastUpgradeCheck = 1400;
				TargetAttributes = {
					0455161428FD972D0006F862 = {
						CreatedOnToolsVersion = 14.0.1;
					};
				};
			};
			buildConfigurationList = 0455161028FD972D0006F862 /* Build configuration list for PBXProject "printers-company-crm" */;
			compatibilityVersion = "Xcode 14.0";
			developmentRegion = en;
			hasScannedForEncodings = 0;
			knownRegions = (
				en,
				Base,
			);
			mainGroup = 0455160C28FD972D0006F862;
			packageReferences = (
				0455162628FD98FD0006F862 /* XCRemoteSwiftPackageReference "PostgresClientKit" */,
			);
			productRefGroup = 0455161628FD972D0006F862 /* Products */;
			projectDirPath = "";
			projectRoot = "";
			targets = (
				0455161428FD972D0006F862 /* printers-company-crm */,
			);
		};
/* End PBXProject section */

/* Begin PBXResourcesBuildPhase section */
		0455161328FD972D0006F862 /* Resources */ = {
			isa = PBXResourcesBuildPhase;
			buildActionMask = 2147483647;
			files = (
				0455162028FD972D0006F862 /* Preview Assets.xcassets in Resources */,
				0455161D28FD972D0006F862 /* Assets.xcassets in Resources */,
			);
			runOnlyForDeploymentPostprocessing = 0;
		};
/* End PBXResourcesBuildPhase section */

/* Begin PBXSourcesBuildPhase section */
		0455161128FD972D0006F862 /* Sources */ = {
			isa = PBXSourcesBuildPhase;
			buildActionMask = 2147483647;
			files = (
				0455162A28FD993C0006F862 /* LoginView.swift in Sources */,
				42364D2B2912C0FE00062374 /* MainView-ViewModel.swift in Sources */,
				42364D292912BD6D00062374 /* LoginView-ViewModel.swift in Sources */,
				42B319552911A92D00C57ABB /* EmployeesView-ViewModel.swift in Sources */,
				0430FA7D29046763001E4CDD /* MainView.swift in Sources */,
				0430FA7B29046751001E4CDD /* TasksView.swift in Sources */,
				42364D272912AC9D00062374 /* AddEmployeeView-ViewModel.swift in Sources */,
				428228C9290E78A2004FE0BC /* Employee.swift in Sources */,
				42BED68C291261380056AA48 /* NumberLimiter.swift in Sources */,
				04B474F228FDE40D001BC58C /* AppState.swift in Sources */,
				04B474F028FDE07D001BC58C /* User.swift in Sources */,
				42AE2377290DD81800CF49FE /* DatabaseAPI.swift in Sources */,
				428228C3290E7117004FE0BC /* EmployeeView.swift in Sources */,
				0455161928FD972D0006F862 /* printers_company_crmApp.swift in Sources */,
				428228C7290E71C5004FE0BC /* EmployeesView.swift in Sources */,
				42AE2373290DD5CD00CF49FE /* AddEmployeeView.swift in Sources */,
				42B319572911BE4300C57ABB /* AddTaskView.swift in Sources */,
			);
			runOnlyForDeploymentPostprocessing = 0;
		};
/* End PBXSourcesBuildPhase section */

/* Begin XCBuildConfiguration section */
		0455162128FD972D0006F862 /* Debug */ = {
			isa = XCBuildConfiguration;
			buildSettings = {
				ALWAYS_SEARCH_USER_PATHS = NO;
				CLANG_ANALYZER_NONNULL = YES;
				CLANG_ANALYZER_NUMBER_OBJECT_CONVERSION = YES_AGGRESSIVE;
				CLANG_CXX_LANGUAGE_STANDARD = "gnu++20";
				CLANG_ENABLE_MODULES = YES;
				CLANG_ENABLE_OBJC_ARC = YES;
				CLANG_ENABLE_OBJC_WEAK = YES;
				CLANG_WARN_BLOCK_CAPTURE_AUTORELEASING = YES;
				CLANG_WARN_BOOL_CONVERSION = YES;
				CLANG_WARN_COMMA = YES;
				CLANG_WARN_CONSTANT_CONVERSION = YES;
				CLANG_WARN_DEPRECATED_OBJC_IMPLEMENTATIONS = YES;
				CLANG_WARN_DIRECT_OBJC_ISA_USAGE = YES_ERROR;
				CLANG_WARN_DOCUMENTATION_COMMENTS = YES;
				CLANG_WARN_EMPTY_BODY = YES;
				CLANG_WARN_ENUM_CONVERSION = YES;
				CLANG_WARN_INFINITE_RECURSION = YES;
				CLANG_WARN_INT_CONVERSION = YES;
				CLANG_WARN_NON_LITERAL_NULL_CONVERSION = YES;
				CLANG_WARN_OBJC_IMPLICIT_RETAIN_SELF = YES;
				CLANG_WARN_OBJC_LITERAL_CONVERSION = YES;
				CLANG_WARN_OBJC_ROOT_CLASS = YES_ERROR;
				CLANG_WARN_QUOTED_INCLUDE_IN_FRAMEWORK_HEADER = YES;
				CLANG_WARN_RANGE_LOOP_ANALYSIS = YES;
				CLANG_WARN_STRICT_PROTOTYPES = YES;
				CLANG_WARN_SUSPICIOUS_MOVE = YES;
				CLANG_WARN_UNGUARDED_AVAILABILITY = YES_AGGRESSIVE;
				CLANG_WARN_UNREACHABLE_CODE = YES;
				CLANG_WARN__DUPLICATE_METHOD_MATCH = YES;
				COPY_PHASE_STRIP = NO;
				DEBUG_INFORMATION_FORMAT = dwarf;
				ENABLE_STRICT_OBJC_MSGSEND = YES;
				ENABLE_TESTABILITY = YES;
				GCC_C_LANGUAGE_STANDARD = gnu11;
				GCC_DYNAMIC_NO_PIC = NO;
				GCC_NO_COMMON_BLOCKS = YES;
				GCC_OPTIMIZATION_LEVEL = 0;
				GCC_PREPROCESSOR_DEFINITIONS = (
					"DEBUG=1",
					"$(inherited)",
				);
				GCC_WARN_64_TO_32_BIT_CONVERSION = YES;
				GCC_WARN_ABOUT_RETURN_TYPE = YES_ERROR;
				GCC_WARN_UNDECLARED_SELECTOR = YES;
				GCC_WARN_UNINITIALIZED_AUTOS = YES_AGGRESSIVE;
				GCC_WARN_UNUSED_FUNCTION = YES;
				GCC_WARN_UNUSED_VARIABLE = YES;
				IPHONEOS_DEPLOYMENT_TARGET = 16.0;
				MTL_ENABLE_DEBUG_INFO = INCLUDE_SOURCE;
				MTL_FAST_MATH = YES;
				ONLY_ACTIVE_ARCH = YES;
				SDKROOT = iphoneos;
				SWIFT_ACTIVE_COMPILATION_CONDITIONS = DEBUG;
				SWIFT_OPTIMIZATION_LEVEL = "-Onone";
			};
			name = Debug;
		};
		0455162228FD972D0006F862 /* Release */ = {
			isa = XCBuildConfiguration;
			buildSettings = {
				ALWAYS_SEARCH_USER_PATHS = NO;
				CLANG_ANALYZER_NONNULL = YES;
				CLANG_ANALYZER_NUMBER_OBJECT_CONVERSION = YES_AGGRESSIVE;
				CLANG_CXX_LANGUAGE_STANDARD = "gnu++20";
				CLANG_ENABLE_MODULES = YES;
				CLANG_ENABLE_OBJC_ARC = YES;
				CLANG_ENABLE_OBJC_WEAK = YES;
				CLANG_WARN_BLOCK_CAPTURE_AUTORELEASING = YES;
				CLANG_WARN_BOOL_CONVERSION = YES;
				CLANG_WARN_COMMA = YES;
				CLANG_WARN_CONSTANT_CONVERSION = YES;
				CLANG_WARN_DEPRECATED_OBJC_IMPLEMENTATIONS = YES;
				CLANG_WARN_DIRECT_OBJC_ISA_USAGE = YES_ERROR;
				CLANG_WARN_DOCUMENTATION_COMMENTS = YES;
				CLANG_WARN_EMPTY_BODY = YES;
				CLANG_WARN_ENUM_CONVERSION = YES;
				CLANG_WARN_INFINITE_RECURSION = YES;
				CLANG_WARN_INT_CONVERSION = YES;
				CLANG_WARN_NON_LITERAL_NULL_CONVERSION = YES;
				CLANG_WARN_OBJC_IMPLICIT_RETAIN_SELF = YES;
				CLANG_WARN_OBJC_LITERAL_CONVERSION = YES;
				CLANG_WARN_OBJC_ROOT_CLASS = YES_ERROR;
				CLANG_WARN_QUOTED_INCLUDE_IN_FRAMEWORK_HEADER = YES;
				CLANG_WARN_RANGE_LOOP_ANALYSIS = YES;
				CLANG_WARN_STRICT_PROTOTYPES = YES;
				CLANG_WARN_SUSPICIOUS_MOVE = YES;
				CLANG_WARN_UNGUARDED_AVAILABILITY = YES_AGGRESSIVE;
				CLANG_WARN_UNREACHABLE_CODE = YES;
				CLANG_WARN__DUPLICATE_METHOD_MATCH = YES;
				COPY_PHASE_STRIP = NO;
				DEBUG_INFORMATION_FORMAT = "dwarf-with-dsym";
				ENABLE_NS_ASSERTIONS = NO;
				ENABLE_STRICT_OBJC_MSGSEND = YES;
				GCC_C_LANGUAGE_STANDARD = gnu11;
				GCC_NO_COMMON_BLOCKS = YES;
				GCC_WARN_64_TO_32_BIT_CONVERSION = YES;
				GCC_WARN_ABOUT_RETURN_TYPE = YES_ERROR;
				GCC_WARN_UNDECLARED_SELECTOR = YES;
				GCC_WARN_UNINITIALIZED_AUTOS = YES_AGGRESSIVE;
				GCC_WARN_UNUSED_FUNCTION = YES;
				GCC_WARN_UNUSED_VARIABLE = YES;
				IPHONEOS_DEPLOYMENT_TARGET = 16.0;
				MTL_ENABLE_DEBUG_INFO = NO;
				MTL_FAST_MATH = YES;
				SDKROOT = iphoneos;
				SWIFT_COMPILATION_MODE = wholemodule;
				SWIFT_OPTIMIZATION_LEVEL = "-O";
				VALIDATE_PRODUCT = YES;
			};
			name = Release;
		};
		0455162428FD972D0006F862 /* Debug */ = {
			isa = XCBuildConfiguration;
			buildSettings = {
				ASSETCATALOG_COMPILER_APPICON_NAME = AppIcon;
				ASSETCATALOG_COMPILER_GLOBAL_ACCENT_COLOR_NAME = AccentColor;
				CODE_SIGN_STYLE = Automatic;
				CURRENT_PROJECT_VERSION = 1;
				DEVELOPMENT_ASSET_PATHS = "\"printers-company-crm/Preview Content\"";
				DEVELOPMENT_TEAM = 2WFQ26Q3F5;
				ENABLE_PREVIEWS = YES;
				GENERATE_INFOPLIST_FILE = YES;
				INFOPLIST_KEY_UIApplicationSceneManifest_Generation = YES;
				INFOPLIST_KEY_UIApplicationSupportsIndirectInputEvents = YES;
				INFOPLIST_KEY_UILaunchScreen_Generation = YES;
				INFOPLIST_KEY_UISupportedInterfaceOrientations_iPad = "UIInterfaceOrientationPortrait UIInterfaceOrientationPortraitUpsideDown UIInterfaceOrientationLandscapeLeft UIInterfaceOrientationLandscapeRight";
				INFOPLIST_KEY_UISupportedInterfaceOrientations_iPhone = "UIInterfaceOrientationPortrait UIInterfaceOrientationLandscapeLeft UIInterfaceOrientationLandscapeRight";
				LD_RUNPATH_SEARCH_PATHS = (
					"$(inherited)",
					"@executable_path/Frameworks",
				);
				MARKETING_VERSION = 1.0;
				PRODUCT_BUNDLE_IDENTIFIER = "com.georgest.printers-company-crm";
				PRODUCT_NAME = "$(TARGET_NAME)";
				SWIFT_EMIT_LOC_STRINGS = YES;
				SWIFT_VERSION = 5.0;
				TARGETED_DEVICE_FAMILY = "1,2";
			};
			name = Debug;
		};
		0455162528FD972D0006F862 /* Release */ = {
			isa = XCBuildConfiguration;
			buildSettings = {
				ASSETCATALOG_COMPILER_APPICON_NAME = AppIcon;
				ASSETCATALOG_COMPILER_GLOBAL_ACCENT_COLOR_NAME = AccentColor;
				CODE_SIGN_STYLE = Automatic;
				CURRENT_PROJECT_VERSION = 1;
				DEVELOPMENT_ASSET_PATHS = "\"printers-company-crm/Preview Content\"";
				DEVELOPMENT_TEAM = 2WFQ26Q3F5;
				ENABLE_PREVIEWS = YES;
				GENERATE_INFOPLIST_FILE = YES;
				INFOPLIST_KEY_UIApplicationSceneManifest_Generation = YES;
				INFOPLIST_KEY_UIApplicationSupportsIndirectInputEvents = YES;
				INFOPLIST_KEY_UILaunchScreen_Generation = YES;
				INFOPLIST_KEY_UISupportedInterfaceOrientations_iPad = "UIInterfaceOrientationPortrait UIInterfaceOrientationPortraitUpsideDown UIInterfaceOrientationLandscapeLeft UIInterfaceOrientationLandscapeRight";
				INFOPLIST_KEY_UISupportedInterfaceOrientations_iPhone = "UIInterfaceOrientationPortrait UIInterfaceOrientationLandscapeLeft UIInterfaceOrientationLandscapeRight";
				LD_RUNPATH_SEARCH_PATHS = (
					"$(inherited)",
					"@executable_path/Frameworks",
				);
				MARKETING_VERSION = 1.0;
				PRODUCT_BUNDLE_IDENTIFIER = "com.georgest.printers-company-crm";
				PRODUCT_NAME = "$(TARGET_NAME)";
				SWIFT_EMIT_LOC_STRINGS = YES;
				SWIFT_VERSION = 5.0;
				TARGETED_DEVICE_FAMILY = "1,2";
			};
			name = Release;
		};
/* End XCBuildConfiguration section */

/* Begin XCConfigurationList section */
		0455161028FD972D0006F862 /* Build configuration list for PBXProject "printers-company-crm" */ = {
			isa = XCConfigurationList;
			buildConfigurations = (
				0455162128FD972D0006F862 /* Debug */,
				0455162228FD972D0006F862 /* Release */,
			);
			defaultConfigurationIsVisible = 0;
			defaultConfigurationName = Release;
		};
		0455162328FD972D0006F862 /* Build configuration list for PBXNativeTarget "printers-company-crm" */ = {
			isa = XCConfigurationList;
			buildConfigurations = (
				0455162428FD972D0006F862 /* Debug */,
				0455162528FD972D0006F862 /* Release */,
			);
			defaultConfigurationIsVisible = 0;
			defaultConfigurationName = Release;
		};
/* End XCConfigurationList section */

/* Begin XCRemoteSwiftPackageReference section */
		0455162628FD98FD0006F862 /* XCRemoteSwiftPackageReference "PostgresClientKit" */ = {
			isa = XCRemoteSwiftPackageReference;
			repositoryURL = "https://github.com/codewinsdotcom/PostgresClientKit";
			requirement = {
				branch = master;
				kind = branch;
			};
		};
/* End XCRemoteSwiftPackageReference section */

/* Begin XCSwiftPackageProductDependency section */
		0455162728FD98FD0006F862 /* PostgresClientKit */ = {
			isa = XCSwiftPackageProductDependency;
			package = 0455162628FD98FD0006F862 /* XCRemoteSwiftPackageReference "PostgresClientKit" */;
			productName = PostgresClientKit;
		};
/* End XCSwiftPackageProductDependency section */
	};
	rootObject = 0455160D28FD972D0006F862 /* Project object */;
}
